
Microsoft Visual Studio Solution File, Format Version 12.00
# Visual Studio Version 16
VisualStudioVersion = 16.0.30611.23
MinimumVisualStudioVersion = 10.0.40219.1
Project("{FAE04EC0-301F-11D3-BF4B-00C04F79EFBC}") = "BookStore-API-James", "BookStore-API-James\BookStore-API-James.csproj", "{1BE5462A-A003-469E-9D9B-D661B424A5DC}"
EndProject
Global
	GlobalSection(SolutionConfigurationPlatforms) = preSolution
		Debug|Any CPU = Debug|Any CPU
		Release|Any CPU = Release|Any CPU
	EndGlobalSection
	GlobalSection(ProjectConfigurationPlatforms) = postSolution
		{1BE5462A-A003-469E-9D9B-D661B424A5DC}.Debug|Any CPU.ActiveCfg = Debug|Any CPU
		{1BE5462A-A003-469E-9D9B-D661B424A5DC}.Debug|Any CPU.Build.0 = Debug|Any CPU
		{1BE5462A-A003-469E-9D9B-D661B424A5DC}.Release|Any CPU.ActiveCfg = Release|Any CPU
		{1BE5462A-A003-469E-9D9B-D661B424A5DC}.Release|Any CPU.Build.0 = Release|Any CPU
	EndGlobalSection
	GlobalSection(SolutionProperties) = preSolution
		HideSolutionNode = FALSE
	EndGlobalSection
	GlobalSection(ExtensibilityGlobals) = postSolution
		SolutionGuid = {20926DC7-63D0-4A3F-8CDF-A20C6FE34FBA}
	EndGlobalSection
EndGlobal
